// !$*UTF8*$!
{
	archiveVersion = 1;
	classes = {
	};
	objectVersion = 50;
	objects = {

/* Begin PBXBuildFile section */
		CA08BA76258317FA008A4FD8 /* ListView.swift in Sources */ = {isa = PBXBuildFile; fileRef = CA08BA75258317FA008A4FD8 /* ListView.swift */; };
		CA08BA7E25831806008A4FD8 /* VStackView.swift in Sources */ = {isa = PBXBuildFile; fileRef = CA08BA7D25831806008A4FD8 /* VStackView.swift */; };
		CA08BA9F258336A9008A4FD8 /* ContentView.swift in Sources */ = {isa = PBXBuildFile; fileRef = CA08BA9E258336A9008A4FD8 /* ContentView.swift */; };
		CA08BAA4258340A4008A4FD8 /* HeaderView.swift in Sources */ = {isa = PBXBuildFile; fileRef = CA08BAA3258340A4008A4FD8 /* HeaderView.swift */; };
		CA0B236A25831746000E0A0F /* LikeUITableViewApp.swift in Sources */ = {isa = PBXBuildFile; fileRef = CA0B236925831746000E0A0F /* LikeUITableViewApp.swift */; };
		CA0B236C25831746000E0A0F /* TabView.swift in Sources */ = {isa = PBXBuildFile; fileRef = CA0B236B25831746000E0A0F /* TabView.swift */; };
		CA0B236E25831747000E0A0F /* Assets.xcassets in Resources */ = {isa = PBXBuildFile; fileRef = CA0B236D25831747000E0A0F /* Assets.xcassets */; };
		CA0B237125831747000E0A0F /* Preview Assets.xcassets in Resources */ = {isa = PBXBuildFile; fileRef = CA0B237025831747000E0A0F /* Preview Assets.xcassets */; };
		CA0B237C25831747000E0A0F /* LikeUITableViewTests.swift in Sources */ = {isa = PBXBuildFile; fileRef = CA0B237B25831747000E0A0F /* LikeUITableViewTests.swift */; };
		CA0B238725831747000E0A0F /* LikeUITableViewUITests.swift in Sources */ = {isa = PBXBuildFile; fileRef = CA0B238625831747000E0A0F /* LikeUITableViewUITests.swift */; };
		CA0B239925831760000E0A0F /* MockModel.swift in Sources */ = {isa = PBXBuildFile; fileRef = CA0B239825831760000E0A0F /* MockModel.swift */; };
/* End PBXBuildFile section */

/* Begin PBXContainerItemProxy section */
		CA0B237825831747000E0A0F /* PBXContainerItemProxy */ = {
			isa = PBXContainerItemProxy;
			containerPortal = CA0B235E25831746000E0A0F /* Project object */;
			proxyType = 1;
			remoteGlobalIDString = CA0B236525831746000E0A0F;
			remoteInfo = LikeUITableView;
		};
		CA0B238325831747000E0A0F /* PBXContainerItemProxy */ = {
			isa = PBXContainerItemProxy;
			containerPortal = CA0B235E25831746000E0A0F /* Project object */;
			proxyType = 1;
			remoteGlobalIDString = CA0B236525831746000E0A0F;
			remoteInfo = LikeUITableView;
		};
/* End PBXContainerItemProxy section */

/* Begin PBXFileReference section */
		CA08BA75258317FA008A4FD8 /* ListView.swift */ = {isa = PBXFileReference; lastKnownFileType = sourcecode.swift; path = ListView.swift; sourceTree = "<group>"; };
		CA08BA7D25831806008A4FD8 /* VStackView.swift */ = {isa = PBXFileReference; lastKnownFileType = sourcecode.swift; path = VStackView.swift; sourceTree = "<group>"; };
		CA08BA9E258336A9008A4FD8 /* ContentView.swift */ = {isa = PBXFileReference; lastKnownFileType = sourcecode.swift; path = ContentView.swift; sourceTree = "<group>"; };
		CA08BAA3258340A4008A4FD8 /* HeaderView.swift */ = {isa = PBXFileReference; lastKnownFileType = sourcecode.swift; path = HeaderView.swift; sourceTree = "<group>"; };
		CA0B236625831746000E0A0F /* LikeUITableView.app */ = {isa = PBXFileReference; explicitFileType = wrapper.application; includeInIndex = 0; path = LikeUITableView.app; sourceTree = BUILT_PRODUCTS_DIR; };
		CA0B236925831746000E0A0F /* LikeUITableViewApp.swift */ = {isa = PBXFileReference; lastKnownFileType = sourcecode.swift; path = LikeUITableViewApp.swift; sourceTree = "<group>"; };
		CA0B236B25831746000E0A0F /* TabView.swift */ = {isa = PBXFileReference; lastKnownFileType = sourcecode.swift; path = TabView.swift; sourceTree = "<group>"; };
		CA0B236D25831747000E0A0F /* Assets.xcassets */ = {isa = PBXFileReference; lastKnownFileType = folder.assetcatalog; path = Assets.xcassets; sourceTree = "<group>"; };
		CA0B237025831747000E0A0F /* Preview Assets.xcassets */ = {isa = PBXFileReference; lastKnownFileType = folder.assetcatalog; path = "Preview Assets.xcassets"; sourceTree = "<group>"; };
		CA0B237225831747000E0A0F /* Info.plist */ = {isa = PBXFileReference; lastKnownFileType = text.plist.xml; path = Info.plist; sourceTree = "<group>"; };
		CA0B237725831747000E0A0F /* LikeUITableViewTests.xctest */ = {isa = PBXFileReference; explicitFileType = wrapper.cfbundle; includeInIndex = 0; path = LikeUITableViewTests.xctest; sourceTree = BUILT_PRODUCTS_DIR; };
		CA0B237B25831747000E0A0F /* LikeUITableViewTests.swift */ = {isa = PBXFileReference; lastKnownFileType = sourcecode.swift; path = LikeUITableViewTests.swift; sourceTree = "<group>"; };
		CA0B237D25831747000E0A0F /* Info.plist */ = {isa = PBXFileReference; lastKnownFileType = text.plist.xml; path = Info.plist; sourceTree = "<group>"; };
		CA0B238225831747000E0A0F /* LikeUITableViewUITests.xctest */ = {isa = PBXFileReference; explicitFileType = wrapper.cfbundle; includeInIndex = 0; path = LikeUITableViewUITests.xctest; sourceTree = BUILT_PRODUCTS_DIR; };
		CA0B238625831747000E0A0F /* LikeUITableViewUITests.swift */ = {isa = PBXFileReference; lastKnownFileType = sourcecode.swift; path = LikeUITableViewUITests.swift; sourceTree = "<group>"; };
		CA0B238825831747000E0A0F /* Info.plist */ = {isa = PBXFileReference; lastKnownFileType = text.plist.xml; path = Info.plist; sourceTree = "<group>"; };
		CA0B239825831760000E0A0F /* MockModel.swift */ = {isa = PBXFileReference; lastKnownFileType = sourcecode.swift; path = MockModel.swift; sourceTree = "<group>"; };
/* End PBXFileReference section */

/* Begin PBXFrameworksBuildPhase section */
		CA0B236325831746000E0A0F /* Frameworks */ = {
			isa = PBXFrameworksBuildPhase;
			buildActionMask = 2147483647;
			files = (
			);
			runOnlyForDeploymentPostprocessing = 0;
		};
		CA0B237425831747000E0A0F /* Frameworks */ = {
			isa = PBXFrameworksBuildPhase;
			buildActionMask = 2147483647;
			files = (
			);
			runOnlyForDeploymentPostprocessing = 0;
		};
		CA0B237F25831747000E0A0F /* Frameworks */ = {
			isa = PBXFrameworksBuildPhase;
			buildActionMask = 2147483647;
			files = (
			);
			runOnlyForDeploymentPostprocessing = 0;
		};
/* End PBXFrameworksBuildPhase section */

/* Begin PBXGroup section */
		CA08BA74258317E9008A4FD8 /* View */ = {
			isa = PBXGroup;
			children = (
				CA08BA75258317FA008A4FD8 /* ListView.swift */,
				CA08BA7D25831806008A4FD8 /* VStackView.swift */,
				CA08BAA3258340A4008A4FD8 /* HeaderView.swift */,
				CA08BA9E258336A9008A4FD8 /* ContentView.swift */,
			);
			path = View;
			sourceTree = "<group>";
		};
		CA0B235D25831746000E0A0F = {
			isa = PBXGroup;
			children = (
				CA0B236825831746000E0A0F /* LikeUITableView */,
				CA0B237A25831747000E0A0F /* LikeUITableViewTests */,
				CA0B238525831747000E0A0F /* LikeUITableViewUITests */,
				CA0B236725831746000E0A0F /* Products */,
			);
			sourceTree = "<group>";
		};
		CA0B236725831746000E0A0F /* Products */ = {
			isa = PBXGroup;
			children = (
				CA0B236625831746000E0A0F /* LikeUITableView.app */,
				CA0B237725831747000E0A0F /* LikeUITableViewTests.xctest */,
				CA0B238225831747000E0A0F /* LikeUITableViewUITests.xctest */,
			);
			name = Products;
			sourceTree = "<group>";
		};
		CA0B236825831746000E0A0F /* LikeUITableView */ = {
			isa = PBXGroup;
			children = (
				CA0B239725831753000E0A0F /* Model */,
				CA0B236925831746000E0A0F /* LikeUITableViewApp.swift */,
				CA0B236B25831746000E0A0F /* TabView.swift */,
				CA08BA74258317E9008A4FD8 /* View */,
				CA0B236D25831747000E0A0F /* Assets.xcassets */,
				CA0B237225831747000E0A0F /* Info.plist */,
				CA0B236F25831747000E0A0F /* Preview Content */,
			);
			path = LikeUITableView;
			sourceTree = "<group>";
		};
		CA0B236F25831747000E0A0F /* Preview Content */ = {
			isa = PBXGroup;
			children = (
				CA0B237025831747000E0A0F /* Preview Assets.xcassets */,
			);
			path = "Preview Content";
			sourceTree = "<group>";
		};
		CA0B237A25831747000E0A0F /* LikeUITableViewTests */ = {
			isa = PBXGroup;
			children = (
				CA0B237B25831747000E0A0F /* LikeUITableViewTests.swift */,
				CA0B237D25831747000E0A0F /* Info.plist */,
			);
			path = LikeUITableViewTests;
			sourceTree = "<group>";
		};
		CA0B238525831747000E0A0F /* LikeUITableViewUITests */ = {
			isa = PBXGroup;
			children = (
				CA0B238625831747000E0A0F /* LikeUITableViewUITests.swift */,
				CA0B238825831747000E0A0F /* Info.plist */,
			);
			path = LikeUITableViewUITests;
			sourceTree = "<group>";
		};
		CA0B239725831753000E0A0F /* Model */ = {
			isa = PBXGroup;
			children = (
				CA0B239825831760000E0A0F /* MockModel.swift */,
			);
			path = Model;
			sourceTree = "<group>";
		};
/* End PBXGroup section */

/* Begin PBXNativeTarget section */
		CA0B236525831746000E0A0F /* LikeUITableView */ = {
			isa = PBXNativeTarget;
			buildConfigurationList = CA0B238B25831747000E0A0F /* Build configuration list for PBXNativeTarget "LikeUITableView" */;
			buildPhases = (
				CA0B236225831746000E0A0F /* Sources */,
				CA0B236325831746000E0A0F /* Frameworks */,
				CA0B236425831746000E0A0F /* Resources */,
			);
			buildRules = (
			);
			dependencies = (
			);
			name = LikeUITableView;
			productName = LikeUITableView;
			productReference = CA0B236625831746000E0A0F /* LikeUITableView.app */;
			productType = "com.apple.product-type.application";
		};
		CA0B237625831747000E0A0F /* LikeUITableViewTests */ = {
			isa = PBXNativeTarget;
			buildConfigurationList = CA0B238E25831747000E0A0F /* Build configuration list for PBXNativeTarget "LikeUITableViewTests" */;
			buildPhases = (
				CA0B237325831747000E0A0F /* Sources */,
				CA0B237425831747000E0A0F /* Frameworks */,
				CA0B237525831747000E0A0F /* Resources */,
			);
			buildRules = (
			);
			dependencies = (
				CA0B237925831747000E0A0F /* PBXTargetDependency */,
			);
			name = LikeUITableViewTests;
			productName = LikeUITableViewTests;
			productReference = CA0B237725831747000E0A0F /* LikeUITableViewTests.xctest */;
			productType = "com.apple.product-type.bundle.unit-test";
		};
		CA0B238125831747000E0A0F /* LikeUITableViewUITests */ = {
			isa = PBXNativeTarget;
			buildConfigurationList = CA0B239125831747000E0A0F /* Build configuration list for PBXNativeTarget "LikeUITableViewUITests" */;
			buildPhases = (
				CA0B237E25831747000E0A0F /* Sources */,
				CA0B237F25831747000E0A0F /* Frameworks */,
				CA0B238025831747000E0A0F /* Resources */,
			);
			buildRules = (
			);
			dependencies = (
				CA0B238425831747000E0A0F /* PBXTargetDependency */,
			);
			name = LikeUITableViewUITests;
			productName = LikeUITableViewUITests;
			productReference = CA0B238225831747000E0A0F /* LikeUITableViewUITests.xctest */;
			productType = "com.apple.product-type.bundle.ui-testing";
		};
/* End PBXNativeTarget section */

/* Begin PBXProject section */
		CA0B235E25831746000E0A0F /* Project object */ = {
			isa = PBXProject;
			attributes = {
				LastSwiftUpdateCheck = 1210;
				LastUpgradeCheck = 1210;
				TargetAttributes = {
					CA0B236525831746000E0A0F = {
						CreatedOnToolsVersion = 12.1;
					};
					CA0B237625831747000E0A0F = {
						CreatedOnToolsVersion = 12.1;
						TestTargetID = CA0B236525831746000E0A0F;
					};
					CA0B238125831747000E0A0F = {
						CreatedOnToolsVersion = 12.1;
						TestTargetID = CA0B236525831746000E0A0F;
					};
				};
			};
			buildConfigurationList = CA0B236125831746000E0A0F /* Build configuration list for PBXProject "LikeUITableView" */;
			compatibilityVersion = "Xcode 9.3";
			developmentRegion = en;
			hasScannedForEncodings = 0;
			knownRegions = (
				en,
				Base,
			);
			mainGroup = CA0B235D25831746000E0A0F;
			productRefGroup = CA0B236725831746000E0A0F /* Products */;
			projectDirPath = "";
			projectRoot = "";
			targets = (
				CA0B236525831746000E0A0F /* LikeUITableView */,
				CA0B237625831747000E0A0F /* LikeUITableViewTests */,
				CA0B238125831747000E0A0F /* LikeUITableViewUITests */,
			);
		};
/* End PBXProject section */

/* Begin PBXResourcesBuildPhase section */
		CA0B236425831746000E0A0F /* Resources */ = {
			isa = PBXResourcesBuildPhase;
			buildActionMask = 2147483647;
			files = (
				CA0B237125831747000E0A0F /* Preview Assets.xcassets in Resources */,
				CA0B236E25831747000E0A0F /* Assets.xcassets in Resources */,
			);
			runOnlyForDeploymentPostprocessing = 0;
		};
		CA0B237525831747000E0A0F /* Resources */ = {
			isa = PBXResourcesBuildPhase;
			buildActionMask = 2147483647;
			files = (
			);
			runOnlyForDeploymentPostprocessing = 0;
		};
		CA0B238025831747000E0A0F /* Resources */ = {
			isa = PBXResourcesBuildPhase;
			buildActionMask = 2147483647;
			files = (
			);
			runOnlyForDeploymentPostprocessing = 0;
		};
/* End PBXResourcesBuildPhase section */

/* Begin PBXSourcesBuildPhase section */
		CA0B236225831746000E0A0F /* Sources */ = {
			isa = PBXSourcesBuildPhase;
			buildActionMask = 2147483647;
			files = (
				CA08BA76258317FA008A4FD8 /* ListView.swift in Sources */,
				CA0B239925831760000E0A0F /* MockModel.swift in Sources */,
				CA08BA9F258336A9008A4FD8 /* ContentView.swift in Sources */,
				CA0B236C25831746000E0A0F /* TabView.swift in Sources */,
				CA08BA7E25831806008A4FD8 /* VStackView.swift in Sources */,
				CA0B236A25831746000E0A0F /* LikeUITableViewApp.swift in Sources */,
				CA08BAA4258340A4008A4FD8 /* HeaderView.swift in Sources */,
			);
			runOnlyForDeploymentPostprocessing = 0;
		};
		CA0B237325831747000E0A0F /* Sources */ = {
			isa = PBXSourcesBuildPhase;
			buildActionMask = 2147483647;
			files = (
				CA0B237C25831747000E0A0F /* LikeUITableViewTests.swift in Sources */,
			);
			runOnlyForDeploymentPostprocessing = 0;
		};
		CA0B237E25831747000E0A0F /* Sources */ = {
			isa = PBXSourcesBuildPhase;
			buildActionMask = 2147483647;
			files = (
				CA0B238725831747000E0A0F /* LikeUITableViewUITests.swift in Sources */,
			);
			runOnlyForDeploymentPostprocessing = 0;
		};
/* End PBXSourcesBuildPhase section */

/* Begin PBXTargetDependency section */
		CA0B237925831747000E0A0F /* PBXTargetDependency */ = {
			isa = PBXTargetDependency;
			target = CA0B236525831746000E0A0F /* LikeUITableView */;
			targetProxy = CA0B237825831747000E0A0F /* PBXContainerItemProxy */;
		};
		CA0B238425831747000E0A0F /* PBXTargetDependency */ = {
			isa = PBXTargetDependency;
			target = CA0B236525831746000E0A0F /* LikeUITableView */;
			targetProxy = CA0B238325831747000E0A0F /* PBXContainerItemProxy */;
		};
/* End PBXTargetDependency section */

/* Begin XCBuildConfiguration section */
		CA0B238925831747000E0A0F /* Debug */ = {
			isa = XCBuildConfiguration;
			buildSettings = {
				ALWAYS_SEARCH_USER_PATHS = NO;
				CLANG_ANALYZER_NONNULL = YES;
				CLANG_ANALYZER_NUMBER_OBJECT_CONVERSION = YES_AGGRESSIVE;
				CLANG_CXX_LANGUAGE_STANDARD = "gnu++14";
				CLANG_CXX_LIBRARY = "libc++";
				CLANG_ENABLE_MODULES = YES;
				CLANG_ENABLE_OBJC_ARC = YES;
				CLANG_ENABLE_OBJC_WEAK = YES;
				CLANG_WARN_BLOCK_CAPTURE_AUTORELEASING = YES;
				CLANG_WARN_BOOL_CONVERSION = YES;
				CLANG_WARN_COMMA = YES;
				CLANG_WARN_CONSTANT_CONVERSION = YES;
				CLANG_WARN_DEPRECATED_OBJC_IMPLEMENTATIONS = YES;
				CLANG_WARN_DIRECT_OBJC_ISA_USAGE = YES_ERROR;
				CLANG_WARN_DOCUMENTATION_COMMENTS = YES;
				CLANG_WARN_EMPTY_BODY = YES;
				CLANG_WARN_ENUM_CONVERSION = YES;
				CLANG_WARN_INFINITE_RECURSION = YES;
				CLANG_WARN_INT_CONVERSION = YES;
				CLANG_WARN_NON_LITERAL_NULL_CONVERSION = YES;
				CLANG_WARN_OBJC_IMPLICIT_RETAIN_SELF = YES;
				CLANG_WARN_OBJC_LITERAL_CONVERSION = YES;
				CLANG_WARN_OBJC_ROOT_CLASS = YES_ERROR;
				CLANG_WARN_QUOTED_INCLUDE_IN_FRAMEWORK_HEADER = YES;
				CLANG_WARN_RANGE_LOOP_ANALYSIS = YES;
				CLANG_WARN_STRICT_PROTOTYPES = YES;
				CLANG_WARN_SUSPICIOUS_MOVE = YES;
				CLANG_WARN_UNGUARDED_AVAILABILITY = YES_AGGRESSIVE;
				CLANG_WARN_UNREACHABLE_CODE = YES;
				CLANG_WARN__DUPLICATE_METHOD_MATCH = YES;
				COPY_PHASE_STRIP = NO;
				DEBUG_INFORMATION_FORMAT = dwarf;
				ENABLE_STRICT_OBJC_MSGSEND = YES;
				ENABLE_TESTABILITY = YES;
				GCC_C_LANGUAGE_STANDARD = gnu11;
				GCC_DYNAMIC_NO_PIC = NO;
				GCC_NO_COMMON_BLOCKS = YES;
				GCC_OPTIMIZATION_LEVEL = 0;
				GCC_PREPROCESSOR_DEFINITIONS = (
					"DEBUG=1",
					"$(inherited)",
				);
				GCC_WARN_64_TO_32_BIT_CONVERSION = YES;
				GCC_WARN_ABOUT_RETURN_TYPE = YES_ERROR;
				GCC_WARN_UNDECLARED_SELECTOR = YES;
				GCC_WARN_UNINITIALIZED_AUTOS = YES_AGGRESSIVE;
				GCC_WARN_UNUSED_FUNCTION = YES;
				GCC_WARN_UNUSED_VARIABLE = YES;
				IPHONEOS_DEPLOYMENT_TARGET = 14.1;
				MTL_ENABLE_DEBUG_INFO = INCLUDE_SOURCE;
				MTL_FAST_MATH = YES;
				ONLY_ACTIVE_ARCH = YES;
				SDKROOT = iphoneos;
				SWIFT_ACTIVE_COMPILATION_CONDITIONS = DEBUG;
				SWIFT_OPTIMIZATION_LEVEL = "-Onone";
			};
			name = Debug;
		};
		CA0B238A25831747000E0A0F /* Release */ = {
			isa = XCBuildConfiguration;
			buildSettings = {
				ALWAYS_SEARCH_USER_PATHS = NO;
				CLANG_ANALYZER_NONNULL = YES;
				CLANG_ANALYZER_NUMBER_OBJECT_CONVERSION = YES_AGGRESSIVE;
				CLANG_CXX_LANGUAGE_STANDARD = "gnu++14";
				CLANG_CXX_LIBRARY = "libc++";
				CLANG_ENABLE_MODULES = YES;
				CLANG_ENABLE_OBJC_ARC = YES;
				CLANG_ENABLE_OBJC_WEAK = YES;
				CLANG_WARN_BLOCK_CAPTURE_AUTORELEASING = YES;
				CLANG_WARN_BOOL_CONVERSION = YES;
				CLANG_WARN_COMMA = YES;
				CLANG_WARN_CONSTANT_CONVERSION = YES;
				CLANG_WARN_DEPRECATED_OBJC_IMPLEMENTATIONS = YES;
				CLANG_WARN_DIRECT_OBJC_ISA_USAGE = YES_ERROR;
				CLANG_WARN_DOCUMENTATION_COMMENTS = YES;
				CLANG_WARN_EMPTY_BODY = YES;
				CLANG_WARN_ENUM_CONVERSION = YES;
				CLANG_WARN_INFINITE_RECURSION = YES;
				CLANG_WARN_INT_CONVERSION = YES;
				CLANG_WARN_NON_LITERAL_NULL_CONVERSION = YES;
				CLANG_WARN_OBJC_IMPLICIT_RETAIN_SELF = YES;
				CLANG_WARN_OBJC_LITERAL_CONVERSION = YES;
				CLANG_WARN_OBJC_ROOT_CLASS = YES_ERROR;
				CLANG_WARN_QUOTED_INCLUDE_IN_FRAMEWORK_HEADER = YES;
				CLANG_WARN_RANGE_LOOP_ANALYSIS = YES;
				CLANG_WARN_STRICT_PROTOTYPES = YES;
				CLANG_WARN_SUSPICIOUS_MOVE = YES;
				CLANG_WARN_UNGUARDED_AVAILABILITY = YES_AGGRESSIVE;
				CLANG_WARN_UNREACHABLE_CODE = YES;
				CLANG_WARN__DUPLICATE_METHOD_MATCH = YES;
				COPY_PHASE_STRIP = NO;
				DEBUG_INFORMATION_FORMAT = "dwarf-with-dsym";
				ENABLE_NS_ASSERTIONS = NO;
				ENABLE_STRICT_OBJC_MSGSEND = YES;
				GCC_C_LANGUAGE_STANDARD = gnu11;
				GCC_NO_COMMON_BLOCKS = YES;
				GCC_WARN_64_TO_32_BIT_CONVERSION = YES;
				GCC_WARN_ABOUT_RETURN_TYPE = YES_ERROR;
				GCC_WARN_UNDECLARED_SELECTOR = YES;
				GCC_WARN_UNINITIALIZED_AUTOS = YES_AGGRESSIVE;
				GCC_WARN_UNUSED_FUNCTION = YES;
				GCC_WARN_UNUSED_VARIABLE = YES;
				IPHONEOS_DEPLOYMENT_TARGET = 14.1;
				MTL_ENABLE_DEBUG_INFO = NO;
				MTL_FAST_MATH = YES;
				SDKROOT = iphoneos;
				SWIFT_COMPILATION_MODE = wholemodule;
				SWIFT_OPTIMIZATION_LEVEL = "-O";
				VALIDATE_PRODUCT = YES;
			};
			name = Release;
		};
		CA0B238C25831747000E0A0F /* Debug */ = {
			isa = XCBuildConfiguration;
			buildSettings = {
				ASSETCATALOG_COMPILER_APPICON_NAME = AppIcon;
				ASSETCATALOG_COMPILER_GLOBAL_ACCENT_COLOR_NAME = AccentColor;
				CODE_SIGN_STYLE = Automatic;
				DEVELOPMENT_ASSET_PATHS = "\"LikeUITableView/Preview Content\"";
				DEVELOPMENT_TEAM = 58AXTDKUYG;
				ENABLE_PREVIEWS = YES;
				INFOPLIST_FILE = LikeUITableView/Info.plist;
				IPHONEOS_DEPLOYMENT_TARGET = 14.0;
				LD_RUNPATH_SEARCH_PATHS = (
					"$(inherited)",
					"@executable_path/Frameworks",
				);
				PRODUCT_BUNDLE_IDENTIFIER = joey.study.LikeUITableView;
				PRODUCT_NAME = "$(TARGET_NAME)";
				SWIFT_VERSION = 5.0;
				TARGETED_DEVICE_FAMILY = "1,2";
			};
			name = Debug;
		};
		CA0B238D25831747000E0A0F /* Release */ = {
			isa = XCBuildConfiguration;
			buildSettings = {
				ASSETCATALOG_COMPILER_APPICON_NAME = AppIcon;
				ASSETCATALOG_COMPILER_GLOBAL_ACCENT_COLOR_NAME = AccentColor;
				CODE_SIGN_STYLE = Automatic;
				DEVELOPMENT_ASSET_PATHS = "\"LikeUITableView/Preview Content\"";
				DEVELOPMENT_TEAM = 58AXTDKUYG;
				ENABLE_PREVIEWS = YES;
				INFOPLIST_FILE = LikeUITableView/Info.plist;
				IPHONEOS_DEPLOYMENT_TARGET = 14.0;
				LD_RUNPATH_SEARCH_PATHS = (
					"$(inherited)",
					"@executable_path/Frameworks",
				);
				PRODUCT_BUNDLE_IDENTIFIER = joey.study.LikeUITableView;
				PRODUCT_NAME = "$(TARGET_NAME)";
				SWIFT_VERSION = 5.0;
				TARGETED_DEVICE_FAMILY = "1,2";
			};
			name = Release;
		};
		CA0B238F25831747000E0A0F /* Debug */ = {
			isa = XCBuildConfiguration;
			buildSettings = {
				ALWAYS_EMBED_SWIFT_STANDARD_LIBRARIES = YES;
				BUNDLE_LOADER = "$(TEST_HOST)";
				CODE_SIGN_STYLE = Automatic;
				DEVELOPMENT_TEAM = 58AXTDKUYG;
				INFOPLIST_FILE = LikeUITableViewTests/Info.plist;
				IPHONEOS_DEPLOYMENT_TARGET = 14.0;
				LD_RUNPATH_SEARCH_PATHS = (
					"$(inherited)",
					"@executable_path/Frameworks",
					"@loader_path/Frameworks",
				);
				PRODUCT_BUNDLE_IDENTIFIER = joey.study.LikeUITableViewTests;
				PRODUCT_NAME = "$(TARGET_NAME)";
				SWIFT_VERSION = 5.0;
				TARGETED_DEVICE_FAMILY = "1,2";
				TEST_HOST = "$(BUILT_PRODUCTS_DIR)/LikeUITableView.app/LikeUITableView";
			};
			name = Debug;
		};
		CA0B239025831747000E0A0F /* Release */ = {
			isa = XCBuildConfiguration;
			buildSettings = {
				ALWAYS_EMBED_SWIFT_STANDARD_LIBRARIES = YES;
				BUNDLE_LOADER = "$(TEST_HOST)";
				CODE_SIGN_STYLE = Automatic;
				DEVELOPMENT_TEAM = 58AXTDKUYG;
				INFOPLIST_FILE = LikeUITableViewTests/Info.plist;
				IPHONEOS_DEPLOYMENT_TARGET = 14.0;
				LD_RUNPATH_SEARCH_PATHS = (
					"$(inherited)",
					"@executable_path/Frameworks",
					"@loader_path/Frameworks",
				);
				PRODUCT_BUNDLE_IDENTIFIER = joey.study.LikeUITableViewTests;
				PRODUCT_NAME = "$(TARGET_NAME)";
				SWIFT_VERSION = 5.0;
				TARGETED_DEVICE_FAMILY = "1,2";
				TEST_HOST = "$(BUILT_PRODUCTS_DIR)/LikeUITableView.app/LikeUITableView";
			};
			name = Release;
		};
		CA0B239225831747000E0A0F /* Debug */ = {
			isa = XCBuildConfiguration;
			buildSettings = {
				ALWAYS_EMBED_SWIFT_STANDARD_LIBRARIES = YES;
				CODE_SIGN_STYLE = Automatic;
				DEVELOPMENT_TEAM = 58AXTDKUYG;
				INFOPLIST_FILE = LikeUITableViewUITests/Info.plist;
				LD_RUNPATH_SEARCH_PATHS = (
					"$(inherited)",
					"@executable_path/Frameworks",
					"@loader_path/Frameworks",
				);
				PRODUCT_BUNDLE_IDENTIFIER = joey.study.LikeUITableViewUITests;
				PRODUCT_NAME = "$(TARGET_NAME)";
				SWIFT_VERSION = 5.0;
				TARGETED_DEVICE_FAMILY = "1,2";
				TEST_TARGET_NAME = LikeUITableView;
			};
			name = Debug;
		};
		CA0B239325831747000E0A0F /* Release */ = {
			isa = XCBuildConfiguration;
			buildSettings = {
				ALWAYS_EMBED_SWIFT_STANDARD_LIBRARIES = YES;
				CODE_SIGN_STYLE = Automatic;
				DEVELOPMENT_TEAM = 58AXTDKUYG;
				INFOPLIST_FILE = LikeUITableViewUITests/Info.plist;
				LD_RUNPATH_SEARCH_PATHS = (
					"$(inherited)",
					"@executable_path/Frameworks",
					"@loader_path/Frameworks",
				);
				PRODUCT_BUNDLE_IDENTIFIER = joey.study.LikeUITableViewUITests;
				PRODUCT_NAME = "$(TARGET_NAME)";
				SWIFT_VERSION = 5.0;
				TARGETED_DEVICE_FAMILY = "1,2";
				TEST_TARGET_NAME = LikeUITableView;
			};
			name = Release;
		};
/* End XCBuildConfiguration section */

/* Begin XCConfigurationList section */
		CA0B236125831746000E0A0F /* Build configuration list for PBXProject "LikeUITableView" */ = {
			isa = XCConfigurationList;
			buildConfigurations = (
				CA0B238925831747000E0A0F /* Debug */,
				CA0B238A25831747000E0A0F /* Release */,
			);
			defaultConfigurationIsVisible = 0;
			defaultConfigurationName = Release;
		};
		CA0B238B25831747000E0A0F /* Build configuration list for PBXNativeTarget "LikeUITableView" */ = {
			isa = XCConfigurationList;
			buildConfigurations = (
				CA0B238C25831747000E0A0F /* Debug */,
				CA0B238D25831747000E0A0F /* Release */,
			);
			defaultConfigurationIsVisible = 0;
			defaultConfigurationName = Release;
		};
		CA0B238E25831747000E0A0F /* Build configuration list for PBXNativeTarget "LikeUITableViewTests" */ = {
			isa = XCConfigurationList;
			buildConfigurations = (
				CA0B238F25831747000E0A0F /* Debug */,
				CA0B239025831747000E0A0F /* Release */,
			);
			defaultConfigurationIsVisible = 0;
			defaultConfigurationName = Release;
		};
		CA0B239125831747000E0A0F /* Build configuration list for PBXNativeTarget "LikeUITableViewUITests" */ = {
			isa = XCConfigurationList;
			buildConfigurations = (
				CA0B239225831747000E0A0F /* Debug */,
				CA0B239325831747000E0A0F /* Release */,
			);
			defaultConfigurationIsVisible = 0;
			defaultConfigurationName = Release;
		};
/* End XCConfigurationList section */
	};
	rootObject = CA0B235E25831746000E0A0F /* Project object */;
}
